{
  "name": "test",
  "version": "1.0.0",
  "lockfileVersion": 2,
  "requires": true,
  "packages": {
    "": {
      "name": "test",
      "version": "1.0.0",
      "license": "ISC",
      "dependencies": {
        "local_db_express": "^1.2.0"
      }
    },
    "node_modules/local_db_express": {
      "version": "1.2.0",
      "resolved": "https://registry.npmjs.org/local_db_express/-/local_db_express-1.2.0.tgz",
      "integrity": "sha512-yI/oyHkCRqEn9I2G+NvvB6DNdLEKrIidlzOeLSe/T3JwFgxsS+vrsT2mkRYnItAspdhwLCiMQjs0qeSp4uBbMQ=="
    }
  },
  "dependencies": {
    "local_db_express": {
      "version": "1.2.0",
      "resolved": "https://registry.npmjs.org/local_db_express/-/local_db_express-1.2.0.tgz",
      "integrity": "sha512-yI/oyHkCRqEn9I2G+NvvB6DNdLEKrIidlzOeLSe/T3JwFgxsS+vrsT2mkRYnItAspdhwLCiMQjs0qeSp4uBbMQ=="
    }
  }
}
